github.com/gostaticanalysis/analysisutil v0.0.1/go.mod h1:eEOZF4jCKGi+aprrirO9e7WKB3beBRtWgqGunKl6pKE=
github.com/gostaticanalysis/analysisutil v0.0.2 h1:OZ4/Q9Lt9bzdyyjAgAWzJfL5dSwPrbkN+6UOHwYeJDM=
github.com/gostaticanalysis/analysisutil v0.0.2/go.mod h1:eEOZF4jCKGi+aprrirO9e7WKB3beBRtWgqGunKl6pKE=
github.com/gostaticanalysis/comment v1.0.0/go.mod h1:xMicKDx7XRXYdVwY9f9wQpDJVnqWxw9wCauCMKp+IBI=
github.com/gostaticanalysis/comment v1.1.0 h1:kz+L8VtxI+2xiEQ3Z6lWZvf9YpTomccAdM0dNgOddRM=
github.com/gostaticanalysis/comment v1.1.0/go.mod h1:xMicKDx7XRXYdVwY9f9wQpDJVnqWxw9wCauCMKp+IBI=
github.com/gostaticanalysis/ctxfield v0.2.2 h1:Tn+qT9pDHAOqMrfXTS5nherKzyuw5IoXL2IO40K9rYI=
github.com/gostaticanalysis/ctxfield v0.2.2/go.mod h1:NVQHqxsl14/ZpDMhBj+VxqcaIa592zM/rys9Z8FC4CY=
github.com/gostaticanalysis/dupimport v0.0.0-20190626051117-37d4ab484168 h1:cdsyU5iNKqfi9S49vx5iWdUN7M+BfYxkdKP/7PSC1JQ=
github.com/gostaticanalysis/dupimport v0.0.0-20190626051117-37d4ab484168/go.mod h1:Q0Mbw2DZAbelG4gIScozrAqkRCb32kBsmx4Hu4DzFWA=
github.com/gostaticanalysis/forcetypeassert v0.0.0-20200621232751-01d4955beaa5 h1:rx8127mFPqXXsfPSo8BwnIU97MKFZc89WHAHt8PwDVY=
github.com/gostaticanalysis/forcetypeassert v0.0.0-20200621232751-01d4955beaa5/go.mod h1:qZEedyP/sY1lTGV1uJ3VhWZ2mqag3IkWsDHVbplHXak=
github.com/gostaticanalysis/ident v0.0.1 h1:LELn9RouFTA2Itg4b4f+uuZVxhjACQxMz1i3YK6yNcU=
github.com/gostaticanalysis/ident v0.0.1/go.mod h1:CdGcFBznRljXhnc4Fx6pXhoGag56l+e9WiSA4sevErk=
github.com/gostaticanalysis/importgroup v0.0.0-20200207005533-c968b39b7641 h1:zYHRvN30ahMFVEkyS3tvwhjVWZZk0TVOylHhpxu+EL4=
github.com/gostaticanalysis/importgroup v0.0.0-20200207005533-c968b39b7641/go.mod h1:hCBDchnAkf8k9AqjrhODL53rYA+01ASYhtJbs6nNiPk=
github.com/gostaticanalysis/nilerr v0.0.0-20190308085927-d5e696fc40f8 h1:qFCTUsp32GZyIm400h4LEpo7vph3y7oS9ljGlxowDP0=
github.com/gostaticanalysis/nilerr v0.0.0-20190308085927-d5e696fc40f8/go.mod h1:N3ZX2P2BGlfv6skHiWT1MjodER1sg0HBgbjZGg/RqIY=
github.com/gostaticanalysis/nofmt v0.0.0-20190308162339-35b38e0c7b48 h1:BXkvwyv02+0cXo+/qWHrbEjN1ZpdeG2SdnI1r1PR0N0=
github.com/gostaticanalysis/nofmt v0.0.0-20190308162339-35b38e0c7b48/go.mod h1:WDznvc31hWUkypHoQvD/A7c3sMqvLo4EtQMUp7RTfPk=
github.com/gostaticanalysis/notest v0.0.0-20190308173254-8cf418819436 h1:0ve41hnaX31CLBtWBl3tAMVOEysF9PFKnXXmh0dCRdM=
github.com/gostaticanalysis/notest v0.0.0-20190308173254-8cf418819436/go.mod h1:iSu+i6TJDuAbrOgSmSYkPLB/NLalMYiJ5NFqiGguwCk=
github.com/gostaticanalysis/readonly v0.0.0-20190308111141-902245d4df63 h1:gE7M4KlPBrInbxXO0exeMqBwAnbIbZ21lo08R0zf/UM=
github.com/gostaticanalysis/readonly v0.0.0-20190308111141-902245d4df63/go.mod h1:8wIdDrGx5AVCamqawJqix8Jrhi0bmiewNxFPFvpw59s=
github.com/gostaticanalysis/testutil v0.0.0-20190308165151-352061e1ba8c h1:tm1bj/ZLA5YQIc33pvHwhZ8gt1XJb34Md5PXZLZAzis=
github.com/gostaticanalysis/testutil v0.0.0-20190308165151-352061e1ba8c/go.mod h1:6dnfVtdzHaKguYhBO/9DQrWcGfyZocsw7IS/bLgaC/M=
github.com/gostaticanalysis/unitconst v0.0.0-20200607065252-f4cfa75b48c2 h1:7793VkM4sV8QwHUiSsy1P+kB1pyyIpIudnYVKCfwNIQ=
github.com/gostaticanalysis/unitconst v0.0.0-20200607065252-f4cfa75b48c2/go.mod h1:Tn4C21Pkr4wJnC9x5PH8n430UxISf7maKQXg15afuG8=
github.com/gostaticanalysis/unused v0.0.5 h1:7Y1U54r3kUG9yFLEqWpiZFdL2CxyIJI7CfnbCYhQqiM=
github.com/gostaticanalysis/unused v0.0.5/go.mod h1:SCEZphM9rdrzDbQr8/yeHfxYODH/u6GqkEoMzsHtD8o=
github.com/yuin/goldmark v1.1.27/go.mod h1:3hX8gzYuyVAZsxl0MRgGTJEmQBFcNTphYh9decYSb74=
golang.org/x/crypto v0.0.0-20190308221718-c2843e01d9a2/go.mod h1:djNgcEr1/C05ACkg1iLfiJU5Ep61QUkGW8qpdssI0+w=
golang.org/x/crypto v0.0.0-20191011191535-87dc89f01550/go.mod h1:yigFU9vqHzYiE8UmvKecakEJjdnWj3jj499lnFckfCI=
golang.org/x/mod v0.1.1-0.20191105210325-c90efee705ee/go.mod h1:QqPTAvyqsEbceGzBzNggFXnrqF1CaUcvgkdR5Ot7KZg=
golang.org/x/mod v0.2.0 h1:KU7oHjnv3XNWfa5COkzUifxZmxp1TyI7ImMXqFxLwvQ=
golang.org/x/mod v0.2.0/go.mod h1:s0Qsj1ACt9ePp/hMypM3fl4fZqREWJwdYDEqhRiZZUA=
golang.org/x/net v0.0.0-20190213061140-3a22650c66bd/go.mod h1:mL1N/T3taQHkDXs73rZJwtUhF3w3ftmwwsq0BUmARs4=
golang.org/x/net v0.0.0-20190311183353-d8887717615a/go.mod h1:t9HGtf8HONx5eT2rtn7q6eTqICYqUVnKs3thJo3Qplg=
golang.org/x/net v0.0.0-20190404232315-eb5bcb51f2a3/go.mod h1:t9HGtf8HONx5eT2rtn7q6eTqICYqUVnKs3thJo3Qplg=
golang.org/x/net v0.0.0-20190620200207-3b0461eec859/go.mod h1:z5CRVTTTmAJ677TzLLGU+0bjPO0LkuOLi4/5GtJWs/s=
golang.org/x/net v0.0.0-20200226121028-0de0cce0169b/go.mod h1:z5CRVTTTmAJ677TzLLGU+0bjPO0LkuOLi4/5GtJWs/s=
golang.org/x/sync v0.0.0-20190423024810-112230192c58/go.mod h1:RxMgew5VJxzue5/jJTE5uejpjVlOe/izrB70Jof72aM=
golang.org/x/sync v0.0.0-20190911185100-cd5d95a43a6e/go.mod h1:RxMgew5VJxzue5/jJTE5uejpjVlOe/izrB70Jof72aM=
golang.org/x/sys v0.0.0-20190215142949-d0b11bdaac8a/go.mod h1:STP8DvDyc/dI5b8T5hshtkjS+E42TnysNCUPdjciGhY=
golang.org/x/sys v0.0.0-20190412213103-97732733099d/go.mod h1:h1NjWce9XRLGQEsW7wpKNCjG9DtNlClVuFLEZdDNbEs=
golang.org/x/text v0.3.0/go.mod h1:NqM8EUOU14njkJ3fqMW+pc6Ldnwhi/IjpwHt7yyuwOQ=
golang.org/x/tools v0.0.0-20190307163923-6a08e3108db3 h1:2oZsfYnKfYzL4I57uYiRFsUf0bqlLkiuw8nnj3+voUA=
golang.org/x/tools v0.0.0-20190307163923-6a08e3108db3/go.mod h1:25r3+/G6/xytQM8iWZKq3Hn0kr0rgFKPUNVEL/dr3z4=
golang.org/x/tools v0.0.0-20190308142131-b40df0fb21c3 h1:GPRyd2anWNtiuo1j4VS6+tIW4Qu5bCWKy4sjzUf/3oI=
golang.org/x/tools v0.0.0-20190308142131-b40df0fb21c3/go.mod h1:25r3+/G6/xytQM8iWZKq3Hn0kr0rgFKPUNVEL/dr3z4=
golang.org/x/tools v0.0.0-20190311215038-5c2858a9cfe5/go.mod h1:LCzVGOaR6xXOjkQ3onu1FJEFr0SW1gC7cKk1uF8kGRs=
golang.org/x/tools v0.0.0-20190321232350-e250d351ecad h1:tYrC3aF7wTeS1noni7wCGu94xeMVu0dxOdFufzx/VM8=
golang.org/x/tools v0.0.0-20190321232350-e250d351ecad/go.mod h1:LCzVGOaR6xXOjkQ3onu1FJEFr0SW1gC7cKk1uF8kGRs=
golang.org/x/tools v0.0.0-20190625160430-252024b82959/go.mod h1:/rFqwRUd4F7ZHNgwSSTFct+R/Kf4OFW1sUzUTQQTgfc=
golang.org/x/tools v0.0.0-20190703212419-2214986f1668/go.mod h1:jcCCGcm9btYwXyDqrUWc6MKQKKGJCWEQ3AfLSRIbEuI=
golang.org/x/tools v0.0.0-20191119224855-298f0cb1881e/go.mod h1:b+2E5dAYhXwXZwtnZ6UAqBI28+e2cm9otk0dWdXHAEo=
golang.org/x/tools v0.0.0-20200207001614-6fdc5776f4bb/go.mod h1:TB2adYChydJhpapKDTa4BR/hXlZSLoq2Wpct/0txZ28=
golang.org/x/tools v0.0.0-20200606014950-c42cb6316fb6/go.mod h1:EkVYQZoAsY45+roYkvgYkIh4xh/qjgUK9TdY2XT94GE=
golang.org/x/tools v0.0.0-20200622203043-20e05c1c8ffa h1:mMXQKlWCw9mIWgVLLfiycDZjMHMMYqiuakI4E/l2xcA=
golang.org/x/tools v0.0.0-20200622203043-20e05c1c8ffa/go.mod h1:EkVYQZoAsY45+roYkvgYkIh4xh/qjgUK9TdY2XT94GE=
golang.org/x/xerrors v0.0.0-20190717185122-a985d3407aa7/go.mod h1:I/5z698sn9Ka8TeJc9MKroUUfqBBauWjQqLJ2OPfmY0=
golang.org/x/xerrors v0.0.0-20191011141410-1b5146add898/go.mod h1:I/5z698sn9Ka8TeJc9MKroUUfqBBauWjQqLJ2OPfmY0=
golang.org/x/xerrors v0.0.0-20191204190536-9bdfabe68543 h1:E7g+9GITq07hpfrRu66IVDexMakfv52eLZ2CXBWiKr4=
golang.org/x/xerrors v0.0.0-20191204190536-9bdfabe68543/go.mod h1:I/5z698sn9Ka8TeJc9MKroUUfqBBauWjQqLJ2OPfmY0=
